
Microsoft Visual Studio Solution File, Format Version 12.00
# Visual Studio Version 17
VisualStudioVersion = 17.11.35208.52
MinimumVisualStudioVersion = 10.0.40219.1
Project("{9A19103F-16F7-4668-BE54-9A1E7A4F7556}") = "ApiProgramacionIV", "ApiProgramacionIV\ApiProgramacionIV.csproj", "{F12E9785-AC50-4F4E-9ECD-7460081D331E}"
EndProject
Project("{FAE04EC0-301F-11D3-BF4B-00C04F79EFBC}") = "ProgramacionIVMVC", "ProgramacionIVMVC\ProgramacionIVMVC.csproj", "{3018E457-46FA-4DF7-B49F-20ECC507D929}"
EndProject
Global
	GlobalSection(SolutionConfigurationPlatforms) = preSolution
		Debug|Any CPU = Debug|Any CPU
		Release|Any CPU = Release|Any CPU
	EndGlobalSection
	GlobalSection(ProjectConfigurationPlatforms) = postSolution
		{F12E9785-AC50-4F4E-9ECD-7460081D331E}.Debug|Any CPU.ActiveCfg = Debug|Any CPU
		{F12E9785-AC50-4F4E-9ECD-7460081D331E}.Debug|Any CPU.Build.0 = Debug|Any CPU
		{F12E9785-AC50-4F4E-9ECD-7460081D331E}.Release|Any CPU.ActiveCfg = Release|Any CPU
		{F12E9785-AC50-4F4E-9ECD-7460081D331E}.Release|Any CPU.Build.0 = Release|Any CPU
		{3018E457-46FA-4DF7-B49F-20ECC507D929}.Debug|Any CPU.ActiveCfg = Debug|Any CPU
		{3018E457-46FA-4DF7-B49F-20ECC507D929}.Debug|Any CPU.Build.0 = Debug|Any CPU
		{3018E457-46FA-4DF7-B49F-20ECC507D929}.Release|Any CPU.ActiveCfg = Release|Any CPU
		{3018E457-46FA-4DF7-B49F-20ECC507D929}.Release|Any CPU.Build.0 = Release|Any CPU
	EndGlobalSection
	GlobalSection(SolutionProperties) = preSolution
		HideSolutionNode = FALSE
	EndGlobalSection
	GlobalSection(ExtensibilityGlobals) = postSolution
		SolutionGuid = {7945CCC2-774C-44BF-9445-BA1C225FB67F}
	EndGlobalSection
EndGlobal
